<?xml version="1.0" encoding="UTF-8"?>
<Project ToolsVersion="12.0" xmlns="http://schemas.microsoft.com/developer/msbuild/2003">
  <ItemGroup>
    <ClCompile Include="C:\Users\Wasit\Documents\GitHub\tutorials\cuda\pbo\main.cpp">
      <Filter>Source Files</Filter>
    </ClCompile>
  </ItemGroup>
  <ItemGroup>
    <CustomBuild Include="C:\Users\Wasit\Documents\GitHub\tutorials\cuda\pbo\device.cu" />
    <CustomBuild Include="C:\Users\Wasit\Documents\GitHub\tutorials\cuda\pbo\CMakeLists.txt" />
  </ItemGroup>
  <ItemGroup>
    <Object Include="C:\Users\Wasit\Documents\GitHub\tutorials\cuda\pbo-build\CMakeFiles\pbo.dir\$(Configuration)\pbo_generated_device.cu.obj">
      <Filter>Object Files</Filter>
    </Object>
  </ItemGroup>
  <ItemGroup>
    <Filter Include="Source Files">
      <UniqueIdentifier>{97544D77-415D-48DC-9482-D5A0A7AD1733}</UniqueIdentifier>
    </Filter>
    <Filter Include="Object Files">
      <UniqueIdentifier>{36BB2CA7-42A7-4727-BC46-39E5390994BB}</UniqueIdentifier>
    </Filter>
  </ItemGroup>
</Project>
