<?xml version="1.0" encoding="UTF-8"?>
<Project ToolsVersion="12.0" xmlns="http://schemas.microsoft.com/developer/msbuild/2003">
  <ItemGroup>
    <CustomBuild Include="C:\Users\Wasit\Documents\GitHub\tutorials\cuda\pbo-build\CMakeFiles\717fed461bb238ce9b91401b08f6eadf\generate.stamp.rule">
      <Filter>CMake Rules</Filter>
    </CustomBuild>
  </ItemGroup>
  <ItemGroup>
    <Filter Include="CMake Rules">
      <UniqueIdentifier>{F40EE66B-C029-448A-900F-65C976C89056}</UniqueIdentifier>
    </Filter>
  </ItemGroup>
</Project>
