<?xml version="1.0" encoding="UTF-8"?>
<Project ToolsVersion="12.0" xmlns="http://schemas.microsoft.com/developer/msbuild/2003">
  <ItemGroup>
    <ClCompile Include="C:\Users\Wasit\Documents\GitHub\tutorials\cuda\cv\main.cpp">
      <Filter>Source Files</Filter>
    </ClCompile>
  </ItemGroup>
  <ItemGroup>
    <CustomBuild Include="C:\Users\Wasit\Documents\GitHub\tutorials\cuda\cv\CMakeLists.txt" />
  </ItemGroup>
  <ItemGroup>
    <Filter Include="Source Files">
      <UniqueIdentifier>{BDA230F2-5CD3-4A73-BF65-75C39A1B87D6}</UniqueIdentifier>
    </Filter>
  </ItemGroup>
</Project>
