Microsoft Visual Studio Solution File, Format Version 12.00
# Visual Studio 2013
VisualStudioVersion = 12.0.40629.0
MinimumVisualStudioVersion = 10.0.40219.1
Project("{8BC9CEB8-8B4A-11D0-8D11-00A0C91BC942}") = "ALL_BUILD", "ALL_BUILD.vcxproj", "{C2C56320-329C-4C57-A470-A5E61B506AF4}"
	ProjectSection(ProjectDependencies) = postProject
		{3C12C157-D72A-4F74-9C34-2A71D53D853C} = {3C12C157-D72A-4F74-9C34-2A71D53D853C}
		{F8B7C3DB-97ED-40E1-A8BC-EED179DA5B3C} = {F8B7C3DB-97ED-40E1-A8BC-EED179DA5B3C}
	EndProjectSection
EndProject
Project("{8BC9CEB8-8B4A-11D0-8D11-00A0C91BC942}") = "ZERO_CHECK", "ZERO_CHECK.vcxproj", "{3C12C157-D72A-4F74-9C34-2A71D53D853C}"
EndProject
Project("{8BC9CEB8-8B4A-11D0-8D11-00A0C91BC942}") = "mycv", "mycv.vcxproj", "{F8B7C3DB-97ED-40E1-A8BC-EED179DA5B3C}"
	ProjectSection(ProjectDependencies) = postProject
		{3C12C157-D72A-4F74-9C34-2A71D53D853C} = {3C12C157-D72A-4F74-9C34-2A71D53D853C}
	EndProjectSection
EndProject
Global
	GlobalSection(SolutionConfigurationPlatforms) = preSolution
		Debug|Win32 = Debug|Win32
		Debug|x64 = Debug|x64
		MinSizeRel|Win32 = MinSizeRel|Win32
		MinSizeRel|x64 = MinSizeRel|x64
		Release|Win32 = Release|Win32
		Release|x64 = Release|x64
		RelWithDebInfo|Win32 = RelWithDebInfo|Win32
		RelWithDebInfo|x64 = RelWithDebInfo|x64
	EndGlobalSection
	GlobalSection(ProjectConfigurationPlatforms) = postSolution
		{C2C56320-329C-4C57-A470-A5E61B506AF4}.Debug|Win32.ActiveCfg = Debug|Win32
		{C2C56320-329C-4C57-A470-A5E61B506AF4}.Debug|x64.ActiveCfg = Debug|x64
		{C2C56320-329C-4C57-A470-A5E61B506AF4}.MinSizeRel|Win32.ActiveCfg = MinSizeRel|Win32
		{C2C56320-329C-4C57-A470-A5E61B506AF4}.MinSizeRel|x64.ActiveCfg = MinSizeRel|x64
		{C2C56320-329C-4C57-A470-A5E61B506AF4}.Release|Win32.ActiveCfg = Release|Win32
		{C2C56320-329C-4C57-A470-A5E61B506AF4}.Release|x64.ActiveCfg = Release|x64
		{C2C56320-329C-4C57-A470-A5E61B506AF4}.RelWithDebInfo|Win32.ActiveCfg = RelWithDebInfo|Win32
		{C2C56320-329C-4C57-A470-A5E61B506AF4}.RelWithDebInfo|x64.ActiveCfg = RelWithDebInfo|x64
		{3C12C157-D72A-4F74-9C34-2A71D53D853C}.Debug|Win32.ActiveCfg = Debug|Win32
		{3C12C157-D72A-4F74-9C34-2A71D53D853C}.Debug|Win32.Build.0 = Debug|Win32
		{3C12C157-D72A-4F74-9C34-2A71D53D853C}.Debug|x64.ActiveCfg = Debug|x64
		{3C12C157-D72A-4F74-9C34-2A71D53D853C}.Debug|x64.Build.0 = Debug|x64
		{3C12C157-D72A-4F74-9C34-2A71D53D853C}.MinSizeRel|Win32.ActiveCfg = MinSizeRel|Win32
		{3C12C157-D72A-4F74-9C34-2A71D53D853C}.MinSizeRel|Win32.Build.0 = MinSizeRel|Win32
		{3C12C157-D72A-4F74-9C34-2A71D53D853C}.MinSizeRel|x64.ActiveCfg = MinSizeRel|x64
		{3C12C157-D72A-4F74-9C34-2A71D53D853C}.MinSizeRel|x64.Build.0 = MinSizeRel|x64
		{3C12C157-D72A-4F74-9C34-2A71D53D853C}.Release|Win32.ActiveCfg = Release|Win32
		{3C12C157-D72A-4F74-9C34-2A71D53D853C}.Release|Win32.Build.0 = Release|Win32
		{3C12C157-D72A-4F74-9C34-2A71D53D853C}.Release|x64.ActiveCfg = Release|x64
		{3C12C157-D72A-4F74-9C34-2A71D53D853C}.Release|x64.Build.0 = Release|x64
		{3C12C157-D72A-4F74-9C34-2A71D53D853C}.RelWithDebInfo|Win32.ActiveCfg = RelWithDebInfo|Win32
		{3C12C157-D72A-4F74-9C34-2A71D53D853C}.RelWithDebInfo|Win32.Build.0 = RelWithDebInfo|Win32
		{3C12C157-D72A-4F74-9C34-2A71D53D853C}.RelWithDebInfo|x64.ActiveCfg = RelWithDebInfo|x64
		{3C12C157-D72A-4F74-9C34-2A71D53D853C}.RelWithDebInfo|x64.Build.0 = RelWithDebInfo|x64
		{F8B7C3DB-97ED-40E1-A8BC-EED179DA5B3C}.Debug|Win32.ActiveCfg = Debug|Win32
		{F8B7C3DB-97ED-40E1-A8BC-EED179DA5B3C}.Debug|Win32.Build.0 = Debug|Win32
		{F8B7C3DB-97ED-40E1-A8BC-EED179DA5B3C}.Debug|x64.ActiveCfg = Debug|x64
		{F8B7C3DB-97ED-40E1-A8BC-EED179DA5B3C}.Debug|x64.Build.0 = Debug|x64
		{F8B7C3DB-97ED-40E1-A8BC-EED179DA5B3C}.MinSizeRel|Win32.ActiveCfg = MinSizeRel|Win32
		{F8B7C3DB-97ED-40E1-A8BC-EED179DA5B3C}.MinSizeRel|Win32.Build.0 = MinSizeRel|Win32
		{F8B7C3DB-97ED-40E1-A8BC-EED179DA5B3C}.MinSizeRel|x64.ActiveCfg = MinSizeRel|x64
		{F8B7C3DB-97ED-40E1-A8BC-EED179DA5B3C}.MinSizeRel|x64.Build.0 = MinSizeRel|x64
		{F8B7C3DB-97ED-40E1-A8BC-EED179DA5B3C}.Release|Win32.ActiveCfg = Release|Win32
		{F8B7C3DB-97ED-40E1-A8BC-EED179DA5B3C}.Release|Win32.Build.0 = Release|Win32
		{F8B7C3DB-97ED-40E1-A8BC-EED179DA5B3C}.Release|x64.ActiveCfg = Release|x64
		{F8B7C3DB-97ED-40E1-A8BC-EED179DA5B3C}.Release|x64.Build.0 = Release|x64
		{F8B7C3DB-97ED-40E1-A8BC-EED179DA5B3C}.RelWithDebInfo|Win32.ActiveCfg = RelWithDebInfo|Win32
		{F8B7C3DB-97ED-40E1-A8BC-EED179DA5B3C}.RelWithDebInfo|Win32.Build.0 = RelWithDebInfo|Win32
		{F8B7C3DB-97ED-40E1-A8BC-EED179DA5B3C}.RelWithDebInfo|x64.ActiveCfg = RelWithDebInfo|x64
		{F8B7C3DB-97ED-40E1-A8BC-EED179DA5B3C}.RelWithDebInfo|x64.Build.0 = RelWithDebInfo|x64
	EndGlobalSection
	GlobalSection(SolutionProperties) = preSolution
		HideSolutionNode = FALSE
	EndGlobalSection
EndGlobal
