<?xml version="1.0" encoding="UTF-8"?>
<Project ToolsVersion="12.0" xmlns="http://schemas.microsoft.com/developer/msbuild/2003">
  <ItemGroup>
    <CustomBuild Include="C:\Users\Wasit\Documents\GitHub\tutorials\cuda\cv\CMakeFiles\95ef6cd97b6d2b3d43933e56c29c7717\generate.stamp.rule">
      <Filter>CMake Rules</Filter>
    </CustomBuild>
  </ItemGroup>
  <ItemGroup>
    <Filter Include="CMake Rules">
      <UniqueIdentifier>{A5BC8AAC-FD08-4EB3-AC92-CFDEF59B4712}</UniqueIdentifier>
    </Filter>
  </ItemGroup>
</Project>
